// !$*UTF8*$!
{
	archiveVersion = 1;
	classes = {
	};
	objectVersion = 77;
	objects = {

/* Begin PBXBuildFile section */
		FD0E81493006BEDD004E8A81 /* StripeTerminal in Frameworks */ = {isa = PBXBuildFile; productRef = FD0E81483006BEDD004E8A81 /* StripeTerminal */; };
		FD1A148C3001A79C00F17EE9 /* Auth in Frameworks */ = {isa = PBXBuildFile; productRef = FD1A148B3001A79C00F17EE9 /* Auth */; };
		FD1A148E3001A79C00F17EE9 /* Functions in Frameworks */ = {isa = PBXBuildFile; productRef = FD1A148D3001A79C00F17EE9 /* Functions */; };
		FD1A14903001A79C00F17EE9 /* PostgREST in Frameworks */ = {isa = PBXBuildFile; productRef = FD1A148F3001A79C00F17EE9 /* PostgREST */; };
		FD1A14923001A79C00F17EE9 /* Realtime in Frameworks */ = {isa = PBXBuildFile; productRef = FD1A14913001A79C00F17EE9 /* Realtime */; };
		FD1A14943001A79C00F17EE9 /* Storage in Frameworks */ = {isa = PBXBuildFile; productRef = FD1A14933001A79C00F17EE9 /* Storage */; };
		FD1A14963001A79C00F17EE9 /* Supabase in Frameworks */ = {isa = PBXBuildFile; productRef = FD1A14953001A79C00F17EE9 /* Supabase */; };
/* End PBXBuildFile section */

/* Begin PBXContainerItemProxy section */
		FDA842192FD7758500BB8D67 /* PBXContainerItemProxy */ = {
			isa = PBXContainerItemProxy;
			containerPortal = FDA841FF2FD7758400BB8D67 /* Project object */;
			proxyType = 1;
			remoteGlobalIDString = FDA842062FD7758400BB8D67;
			remoteInfo = "C5 Maps";
		};
		FDA842232FD7758500BB8D67 /* PBXContainerItemProxy */ = {
			isa = PBXContainerItemProxy;
			containerPortal = FDA841FF2FD7758400BB8D67 /* Project object */;
			proxyType = 1;
			remoteGlobalIDString = FDA842062FD7758400BB8D67;
			remoteInfo = "C5 Maps";
		};
/* End PBXContainerItemProxy section */

/* Begin PBXFileReference section */
		FDA842072FD7758400BB8D67 /* C5 Maps.app */ = {isa = PBXFileReference; explicitFileType = wrapper.application; includeInIndex = 0; path = "C5 Maps.app"; sourceTree = BUILT_PRODUCTS_DIR; };
		FDA842182FD7758500BB8D67 /* C5 MapsTests.xctest */ = {isa = PBXFileReference; explicitFileType = wrapper.cfbundle; includeInIndex = 0; path = "C5 MapsTests.xctest"; sourceTree = BUILT_PRODUCTS_DIR; };
		FDA842222FD7758500BB8D67 /* C5 MapsUITests.xctest */ = {isa = PBXFileReference; explicitFileType = wrapper.cfbundle; includeInIndex = 0; path = "C5 MapsUITests.xctest"; sourceTree = BUILT_PRODUCTS_DIR; };
/* End PBXFileReference section */

/* Begin PBXFileSystemSynchronizedBuildFileExceptionSet section */
		FDA8422A2FD7758500BB8D67 /* Exceptions for "C5 Maps" folder in "C5 Maps" target */ = {
			isa = PBXFileSystemSynchronizedBuildFileExceptionSet;
			membershipExceptions = (
				Info.plist,
			);
			target = FDA842062FD7758400BB8D67 /* C5 Maps */;
		};
/* End PBXFileSystemSynchronizedBuildFileExceptionSet section */

/* Begin PBXFileSystemSynchronizedRootGroup section */
		FDA842092FD7758400BB8D67 /* C5 Maps */ = {
			isa = PBXFileSystemSynchronizedRootGroup;
			exceptions = (
				FDA8422A2FD7758500BB8D67 /* Exceptions for "C5 Maps" folder in "C5 Maps" target */,
			);
			path = "C5 Maps";
			sourceTree = "<group>";
		};
		FDA8421B2FD7758500BB8D67 /* C5 MapsTests */ = {
			isa = PBXFileSystemSynchronizedRootGroup;
			path = "C5 MapsTests";
			sourceTree = "<group>";
		};
		FDA842252FD7758500BB8D67 /* C5 MapsUITests */ = {
			isa = PBXFileSystemSynchronizedRootGroup;
			path = "C5 MapsUITests";
			sourceTree = "<group>";
		};
/* End PBXFileSystemSynchronizedRootGroup section */

/* Begin PBXFrameworksBuildPhase section */
		FDA842042FD7758400BB8D67 /* Frameworks */ = {
			isa = PBXFrameworksBuildPhase;
			buildActionMask = 2147483647;
			files = (
				FD1A14903001A79C00F17EE9 /* PostgREST in Frameworks */,
				FD1A148E3001A79C00F17EE9 /* Functions in Frameworks */,
				FD1A14963001A79C00F17EE9 /* Supabase in Frameworks */,
				FD1A148C3001A79C00F17EE9 /* Auth in Frameworks */,
				FD1A14943001A79C00F17EE9 /* Storage in Frameworks */,
				FD0E81493006BEDD004E8A81 /* StripeTerminal in Frameworks */,
				FD1A14923001A79C00F17EE9 /* Realtime in Frameworks */,
			);
			runOnlyForDeploymentPostprocessing = 0;
		};
		FDA842152FD7758500BB8D67 /* Frameworks */ = {
			isa = PBXFrameworksBuildPhase;
			buildActionMask = 2147483647;
			files = (
			);
			runOnlyForDeploymentPostprocessing = 0;
		};
		FDA8421F2FD7758500BB8D67 /* Frameworks */ = {
			isa = PBXFrameworksBuildPhase;
			buildActionMask = 2147483647;
			files = (
			);
			runOnlyForDeploymentPostprocessing = 0;
		};
/* End PBXFrameworksBuildPhase section */

/* Begin PBXGroup section */
		FDA841FE2FD7758400BB8D67 = {
			isa = PBXGroup;
			children = (
				FDA842092FD7758400BB8D67 /* C5 Maps */,
				FDA8421B2FD7758500BB8D67 /* C5 MapsTests */,
				FDA842252FD7758500BB8D67 /* C5 MapsUITests */,
				FDA842082FD7758400BB8D67 /* Products */,
			);
			sourceTree = "<group>";
		};
		FDA842082FD7758400BB8D67 /* Products */ = {
			isa = PBXGroup;
			children = (
				FDA842072FD7758400BB8D67 /* C5 Maps.app */,
				FDA842182FD7758500BB8D67 /* C5 MapsTests.xctest */,
				FDA842222FD7758500BB8D67 /* C5 MapsUITests.xctest */,
			);
			name = Products;
			sourceTree = "<group>";
		};
/* End PBXGroup section */

/* Begin PBXNativeTarget section */
		FDA842062FD7758400BB8D67 /* C5 Maps */ = {
			isa = PBXNativeTarget;
			buildConfigurationList = FDA8422B2FD7758500BB8D67 /* Build configuration list for PBXNativeTarget "C5 Maps" */;
			buildPhases = (
				FDA842032FD7758400BB8D67 /* Sources */,
				FDA842042FD7758400BB8D67 /* Frameworks */,
				FDA842052FD7758400BB8D67 /* Resources */,
			);
			buildRules = (
			);
			dependencies = (
			);
			fileSystemSynchronizedGroups = (
				FDA842092FD7758400BB8D67 /* C5 Maps */,
			);
			name = "C5 Maps";
			packageProductDependencies = (
				FD1A148B3001A79C00F17EE9 /* Auth */,
				FD1A148D3001A79C00F17EE9 /* Functions */,
				FD1A148F3001A79C00F17EE9 /* PostgREST */,
				FD1A14913001A79C00F17EE9 /* Realtime */,
				FD1A14933001A79C00F17EE9 /* Storage */,
				FD1A14953001A79C00F17EE9 /* Supabase */,
				FD0E81483006BEDD004E8A81 /* StripeTerminal */,
			);
			productName = "C5 Maps";
			productReference = FDA842072FD7758400BB8D67 /* C5 Maps.app */;
			productType = "com.apple.product-type.application";
		};
		FDA842172FD7758500BB8D67 /* C5 MapsTests */ = {
			isa = PBXNativeTarget;
			buildConfigurationList = FDA842302FD7758500BB8D67 /* Build configuration list for PBXNativeTarget "C5 MapsTests" */;
			buildPhases = (
				FDA842142FD7758500BB8D67 /* Sources */,
				FDA842152FD7758500BB8D67 /* Frameworks */,
				FDA842162FD7758500BB8D67 /* Resources */,
			);
			buildRules = (
			);
			dependencies = (
				FDA8421A2FD7758500BB8D67 /* PBXTargetDependency */,
			);
			fileSystemSynchronizedGroups = (
				FDA8421B2FD7758500BB8D67 /* C5 MapsTests */,
			);
			name = "C5 MapsTests";
			packageProductDependencies = (
			);
			productName = "C5 MapsTests";
			productReference = FDA842182FD7758500BB8D67 /* C5 MapsTests.xctest */;
			productType = "com.apple.product-type.bundle.unit-test";
		};
		FDA842212FD7758500BB8D67 /* C5 MapsUITests */ = {
			isa = PBXNativeTarget;
			buildConfigurationList = FDA842332FD7758500BB8D67 /* Build configuration list for PBXNativeTarget "C5 MapsUITests" */;
			buildPhases = (
				FDA8421E2FD7758500BB8D67 /* Sources */,
				FDA8421F2FD7758500BB8D67 /* Frameworks */,
				FDA842202FD7758500BB8D67 /* Resources */,
			);
			buildRules = (
			);
			dependencies = (
				FDA842242FD7758500BB8D67 /* PBXTargetDependency */,
			);
			fileSystemSynchronizedGroups = (
				FDA842252FD7758500BB8D67 /* C5 MapsUITests */,
			);
			name = "C5 MapsUITests";
			packageProductDependencies = (
			);
			productName = "C5 MapsUITests";
			productReference = FDA842222FD7758500BB8D67 /* C5 MapsUITests.xctest */;
			productType = "com.apple.product-type.bundle.ui-testing";
		};
/* End PBXNativeTarget section */

/* Begin PBXProject section */
		FDA841FF2FD7758400BB8D67 /* Project object */ = {
			isa = PBXProject;
			attributes = {
				BuildIndependentTargetsInParallel = 1;
				LastSwiftUpdateCheck = 2650;
				LastUpgradeCheck = 2650;
				TargetAttributes = {
					FDA842062FD7758400BB8D67 = {
						CreatedOnToolsVersion = 26.5;
					};
					FDA842172FD7758500BB8D67 = {
						CreatedOnToolsVersion = 26.5;
						TestTargetID = FDA842062FD7758400BB8D67;
					};
					FDA842212FD7758500BB8D67 = {
						CreatedOnToolsVersion = 26.5;
						TestTargetID = FDA842062FD7758400BB8D67;
					};
				};
			};
			buildConfigurationList = FDA842022FD7758400BB8D67 /* Build configuration list for PBXProject "C5 Maps" */;
			developmentRegion = en;
			hasScannedForEncodings = 0;
			knownRegions = (
				en,
				Base,
			);
			mainGroup = FDA841FE2FD7758400BB8D67;
			minimizedProjectReferenceProxies = 1;
			packageReferences = (
				FD1A148A3001A79C00F17EE9 /* XCRemoteSwiftPackageReference "supabase-swift" */,
				FD0E81473006BEDD004E8A81 /* XCRemoteSwiftPackageReference "stripe-terminal-ios" */,
			);
			preferredProjectObjectVersion = 77;
			productRefGroup = FDA842082FD7758400BB8D67 /* Products */;
			projectDirPath = "";
			projectRoot = "";
			targets = (
				FDA842062FD7758400BB8D67 /* C5 Maps */,
				FDA842172FD7758500BB8D67 /* C5 MapsTests */,
				FDA842212FD7758500BB8D67 /* C5 MapsUITests */,
			);
		};
/* End PBXProject section */

/* Begin PBXResourcesBuildPhase section */
		FDA842052FD7758400BB8D67 /* Resources */ = {
			isa = PBXResourcesBuildPhase;
			buildActionMask = 2147483647;
			files = (
			);
			runOnlyForDeploymentPostprocessing = 0;
		};
		FDA842162FD7758500BB8D67 /* Resources */ = {
			isa = PBXResourcesBuildPhase;
			buildActionMask = 2147483647;
			files = (
			);
			runOnlyForDeploymentPostprocessing = 0;
		};
		FDA842202FD7758500BB8D67 /* Resources */ = {
			isa = PBXResourcesBuildPhase;
			buildActionMask = 2147483647;
			files = (
			);
			runOnlyForDeploymentPostprocessing = 0;
		};
/* End PBXResourcesBuildPhase section */

/* Begin PBXSourcesBuildPhase section */
		FDA842032FD7758400BB8D67 /* Sources */ = {
			isa = PBXSourcesBuildPhase;
			buildActionMask = 2147483647;
			files = (
			);
			runOnlyForDeploymentPostprocessing = 0;
		};
		FDA842142FD7758500BB8D67 /* Sources */ = {
			isa = PBXSourcesBuildPhase;
			buildActionMask = 2147483647;
			files = (
			);
			runOnlyForDeploymentPostprocessing = 0;
		};
		FDA8421E2FD7758500BB8D67 /* Sources */ = {
			isa = PBXSourcesBuildPhase;
			buildActionMask = 2147483647;
			files = (
			);
			runOnlyForDeploymentPostprocessing = 0;
		};
/* End PBXSourcesBuildPhase section */

/* Begin PBXTargetDependency section */
		FDA8421A2FD7758500BB8D67 /* PBXTargetDependency */ = {
			isa = PBXTargetDependency;
			target = FDA842062FD7758400BB8D67 /* C5 Maps */;
			targetProxy = FDA842192FD7758500BB8D67 /* PBXContainerItemProxy */;
		};
		FDA842242FD7758500BB8D67 /* PBXTargetDependency */ = {
			isa = PBXTargetDependency;
			target = FDA842062FD7758400BB8D67 /* C5 Maps */;
			targetProxy = FDA842232FD7758500BB8D67 /* PBXContainerItemProxy */;
		};
/* End PBXTargetDependency section */

/* Begin XCBuildConfiguration section */
		FDA8422C2FD7758500BB8D67 /* Debug */ = {
			isa = XCBuildConfiguration;
			buildSettings = {
				ASSETCATALOG_COMPILER_APPICON_NAME = AppIcon;
				ASSETCATALOG_COMPILER_GLOBAL_ACCENT_COLOR_NAME = AccentColor;
				CODE_SIGN_ENTITLEMENTS = "C5 Maps/C5_Maps.entitlements";
				CODE_SIGN_STYLE = Automatic;
				CURRENT_PROJECT_VERSION = 1;
				DEVELOPMENT_TEAM = K5HRG88242;
				ENABLE_PREVIEWS = YES;
				GENERATE_INFOPLIST_FILE = YES;
				INFOPLIST_FILE = "C5 Maps/Info.plist";
				INFOPLIST_KEY_UIApplicationSceneManifest_Generation = YES;
				INFOPLIST_KEY_UIApplicationSupportsIndirectInputEvents = YES;
				INFOPLIST_KEY_UILaunchScreen_Generation = YES;
				INFOPLIST_KEY_UISupportedInterfaceOrientations_iPad = "UIInterfaceOrientationPortrait UIInterfaceOrientationPortraitUpsideDown UIInterfaceOrientationLandscapeLeft UIInterfaceOrientationLandscapeRight";
				INFOPLIST_KEY_UISupportedInterfaceOrientations_iPhone = "UIInterfaceOrientationPortrait UIInterfaceOrientationLandscapeLeft UIInterfaceOrientationLandscapeRight";
				LD_RUNPATH_SEARCH_PATHS = (
					"$(inherited)",
					"@executable_path/Frameworks",
				);
				MARKETING_VERSION = 1.0;
				PRODUCT_BUNDLE_IDENTIFIER = "c5dev.C5-Maps";
				PRODUCT_NAME = "$(TARGET_NAME)";
				STRING_CATALOG_GENERATE_SYMBOLS = YES;
				SWIFT_APPROACHABLE_CONCURRENCY = YES;
				SWIFT_DEFAULT_ACTOR_ISOLATION = MainActor;
				SWIFT_EMIT_LOC_STRINGS = YES;
				SWIFT_UPCOMING_FEATURE_MEMBER_IMPORT_VISIBILITY = YES;
				SWIFT_VERSION = 5.0;
				TARGETED_DEVICE_FAMILY = "1,2";
			};
			name = Debug;
		};
		FDA8422D2FD7758500BB8D67 /* Release */ = {
			isa = XCBuildConfiguration;
			buildSettings = {
				ASSETCATALOG_COMPILER_APPICON_NAME = AppIcon;
				ASSETCATALOG_COMPILER_GLOBAL_ACCENT_COLOR_NAME = AccentColor;
				CODE_SIGN_ENTITLEMENTS = "C5 Maps/C5_Maps.entitlements";
				CODE_SIGN_STYLE = Automatic;
				CURRENT_PROJECT_VERSION = 1;
				DEVELOPMENT_TEAM = K5HRG88242;
				ENABLE_PREVIEWS = YES;
				GENERATE_INFOPLIST_FILE = YES;
				INFOPLIST_FILE = "C5 Maps/Info.plist";
				INFOPLIST_KEY_UIApplicationSceneManifest_Generation = YES;
				INFOPLIST_KEY_UIApplicationSupportsIndirectInputEvents = YES;
				INFOPLIST_KEY_UILaunchScreen_Generation = YES;
				INFOPLIST_KEY_UISupportedInterfaceOrientations_iPad = "UIInterfaceOrientationPortrait UIInterfaceOrientationPortraitUpsideDown UIInterfaceOrientationLandscapeLeft UIInterfaceOrientationLandscapeRight";
				INFOPLIST_KEY_UISupportedInterfaceOrientations_iPhone = "UIInterfaceOrientationPortrait UIInterfaceOrientationLandscapeLeft UIInterfaceOrientationLandscapeRight";
				LD_RUNPATH_SEARCH_PATHS = (
					"$(inherited)",
					"@executable_path/Frameworks",
				);
				MARKETING_VERSION = 1.0;
				PRODUCT_BUNDLE_IDENTIFIER = "c5dev.C5-Maps";
				PRODUCT_NAME = "$(TARGET_NAME)";
				STRING_CATALOG_GENERATE_SYMBOLS = YES;
				SWIFT_APPROACHABLE_CONCURRENCY = YES;
				SWIFT_DEFAULT_ACTOR_ISOLATION = MainActor;
				SWIFT_EMIT_LOC_STRINGS = YES;
				SWIFT_UPCOMING_FEATURE_MEMBER_IMPORT_VISIBILITY = YES;
				SWIFT_VERSION = 5.0;
				TARGETED_DEVICE_FAMILY = "1,2";
			};
			name = Release;
		};
		FDA8422E2FD7758500BB8D67 /* Debug */ = {
			isa = XCBuildConfiguration;
			buildSettings = {
				ALWAYS_SEARCH_USER_PATHS = NO;
				ASSETCATALOG_COMPILER_GENERATE_SWIFT_ASSET_SYMBOL_EXTENSIONS = YES;
				CLANG_ANALYZER_NONNULL = YES;
				CLANG_ANALYZER_NUMBER_OBJECT_CONVERSION = YES_AGGRESSIVE;
				CLANG_CXX_LANGUAGE_STANDARD = "gnu++20";
				CLANG_ENABLE_MODULES = YES;
				CLANG_ENABLE_OBJC_ARC = YES;
				CLANG_ENABLE_OBJC_WEAK = YES;
				CLANG_WARN_BLOCK_CAPTURE_AUTORELEASING = YES;
				CLANG_WARN_BOOL_CONVERSION = YES;
				CLANG_WARN_COMMA = YES;
				CLANG_WARN_CONSTANT_CONVERSION = YES;
				CLANG_WARN_DEPRECATED_OBJC_IMPLEMENTATIONS = YES;
				CLANG_WARN_DIRECT_OBJC_ISA_USAGE = YES_ERROR;
				CLANG_WARN_DOCUMENTATION_COMMENTS = YES;
				CLANG_WARN_EMPTY_BODY = YES;
				CLANG_WARN_ENUM_CONVERSION = YES;
				CLANG_WARN_INFINITE_RECURSION = YES;
				CLANG_WARN_INT_CONVERSION = YES;
				CLANG_WARN_NON_LITERAL_NULL_CONVERSION = YES;
				CLANG_WARN_OBJC_IMPLICIT_RETAIN_SELF = YES;
				CLANG_WARN_OBJC_LITERAL_CONVERSION = YES;
				CLANG_WARN_OBJC_ROOT_CLASS = YES_ERROR;
				CLANG_WARN_QUOTED_INCLUDE_IN_FRAMEWORK_HEADER = YES;
				CLANG_WARN_RANGE_LOOP_ANALYSIS = YES;
				CLANG_WARN_STRICT_PROTOTYPES = YES;
				CLANG_WARN_SUSPICIOUS_MOVE = YES;
				CLANG_WARN_UNGUARDED_AVAILABILITY = YES_AGGRESSIVE;
				CLANG_WARN_UNREACHABLE_CODE = YES;
				CLANG_WARN__DUPLICATE_METHOD_MATCH = YES;
				COPY_PHASE_STRIP = NO;
				DEBUG_INFORMATION_FORMAT = dwarf;
				DEVELOPMENT_TEAM = K5HRG88242;
				ENABLE_STRICT_OBJC_MSGSEND = YES;
				ENABLE_TESTABILITY = YES;
				ENABLE_USER_SCRIPT_SANDBOXING = YES;
				GCC_C_LANGUAGE_STANDARD = gnu17;
				GCC_DYNAMIC_NO_PIC = NO;
				GCC_NO_COMMON_BLOCKS = YES;
				GCC_OPTIMIZATION_LEVEL = 0;
				GCC_PREPROCESSOR_DEFINITIONS = (
					"DEBUG=1",
					"$(inherited)",
				);
				GCC_WARN_64_TO_32_BIT_CONVERSION = YES;
				GCC_WARN_ABOUT_RETURN_TYPE = YES_ERROR;
				GCC_WARN_UNDECLARED_SELECTOR = YES;
				GCC_WARN_UNINITIALIZED_AUTOS = YES_AGGRESSIVE;
				GCC_WARN_UNUSED_FUNCTION = YES;
				GCC_WARN_UNUSED_VARIABLE = YES;
				IPHONEOS_DEPLOYMENT_TARGET = 26.5;
				LOCALIZATION_PREFERS_STRING_CATALOGS = YES;
				MTL_ENABLE_DEBUG_INFO = INCLUDE_SOURCE;
				MTL_FAST_MATH = YES;
				ONLY_ACTIVE_ARCH = YES;
				SDKROOT = iphoneos;
				SWIFT_ACTIVE_COMPILATION_CONDITIONS = "DEBUG $(inherited)";
				SWIFT_OPTIMIZATION_LEVEL = "-Onone";
			};
			name = Debug;
		};
		FDA8422F2FD7758500BB8D67 /* Release */ = {
			isa = XCBuildConfiguration;
			buildSettings = {
				ALWAYS_SEARCH_USER_PATHS = NO;
				ASSETCATALOG_COMPILER_GENERATE_SWIFT_ASSET_SYMBOL_EXTENSIONS = YES;
				CLANG_ANALYZER_NONNULL = YES;
				CLANG_ANALYZER_NUMBER_OBJECT_CONVERSION = YES_AGGRESSIVE;
				CLANG_CXX_LANGUAGE_STANDARD = "gnu++20";
				CLANG_ENABLE_MODULES = YES;
				CLANG_ENABLE_OBJC_ARC = YES;
				CLANG_ENABLE_OBJC_WEAK = YES;
				CLANG_WARN_BLOCK_CAPTURE_AUTORELEASING = YES;
				CLANG_WARN_BOOL_CONVERSION = YES;
				CLANG_WARN_COMMA = YES;
				CLANG_WARN_CONSTANT_CONVERSION = YES;
				CLANG_WARN_DEPRECATED_OBJC_IMPLEMENTATIONS = YES;
				CLANG_WARN_DIRECT_OBJC_ISA_USAGE = YES_ERROR;
				CLANG_WARN_DOCUMENTATION_COMMENTS = YES;
				CLANG_WARN_EMPTY_BODY = YES;
				CLANG_WARN_ENUM_CONVERSION = YES;
				CLANG_WARN_INFINITE_RECURSION = YES;
				CLANG_WARN_INT_CONVERSION = YES;
				CLANG_WARN_NON_LITERAL_NULL_CONVERSION = YES;
				CLANG_WARN_OBJC_IMPLICIT_RETAIN_SELF = YES;
				CLANG_WARN_OBJC_LITERAL_CONVERSION = YES;
				CLANG_WARN_OBJC_ROOT_CLASS = YES_ERROR;
				CLANG_WARN_QUOTED_INCLUDE_IN_FRAMEWORK_HEADER = YES;
				CLANG_WARN_RANGE_LOOP_ANALYSIS = YES;
				CLANG_WARN_STRICT_PROTOTYPES = YES;
				CLANG_WARN_SUSPICIOUS_MOVE = YES;
				CLANG_WARN_UNGUARDED_AVAILABILITY = YES_AGGRESSIVE;
				CLANG_WARN_UNREACHABLE_CODE = YES;
				CLANG_WARN__DUPLICATE_METHOD_MATCH = YES;
				COPY_PHASE_STRIP = NO;
				DEBUG_INFORMATION_FORMAT = "dwarf-with-dsym";
				DEVELOPMENT_TEAM = K5HRG88242;
				ENABLE_NS_ASSERTIONS = NO;
				ENABLE_STRICT_OBJC_MSGSEND = YES;
				ENABLE_USER_SCRIPT_SANDBOXING = YES;
				GCC_C_LANGUAGE_STANDARD = gnu17;
				GCC_NO_COMMON_BLOCKS = YES;
				GCC_WARN_64_TO_32_BIT_CONVERSION = YES;
				GCC_WARN_ABOUT_RETURN_TYPE = YES_ERROR;
				GCC_WARN_UNDECLARED_SELECTOR = YES;
				GCC_WARN_UNINITIALIZED_AUTOS = YES_AGGRESSIVE;
				GCC_WARN_UNUSED_FUNCTION = YES;
				GCC_WARN_UNUSED_VARIABLE = YES;
				IPHONEOS_DEPLOYMENT_TARGET = 26.5;
				LOCALIZATION_PREFERS_STRING_CATALOGS = YES;
				MTL_ENABLE_DEBUG_INFO = NO;
				MTL_FAST_MATH = YES;
				SDKROOT = iphoneos;
				SWIFT_COMPILATION_MODE = wholemodule;
				VALIDATE_PRODUCT = YES;
			};
			name = Release;
		};
		FDA842312FD7758500BB8D67 /* Debug */ = {
			isa = XCBuildConfiguration;
			buildSettings = {
				BUNDLE_LOADER = "$(TEST_HOST)";
				CODE_SIGN_STYLE = Automatic;
				CURRENT_PROJECT_VERSION = 1;
				DEVELOPMENT_TEAM = K5HRG88242;
				GENERATE_INFOPLIST_FILE = YES;
				IPHONEOS_DEPLOYMENT_TARGET = 26.5;
				MARKETING_VERSION = 1.0;
				PRODUCT_BUNDLE_IDENTIFIER = "c5dev.C5-MapsTests";
				PRODUCT_NAME = "$(TARGET_NAME)";
				STRING_CATALOG_GENERATE_SYMBOLS = NO;
				SWIFT_APPROACHABLE_CONCURRENCY = YES;
				SWIFT_EMIT_LOC_STRINGS = NO;
				SWIFT_UPCOMING_FEATURE_MEMBER_IMPORT_VISIBILITY = YES;
				SWIFT_VERSION = 5.0;
				TARGETED_DEVICE_FAMILY = "1,2";
				TEST_HOST = "$(BUILT_PRODUCTS_DIR)/C5 Maps.app/$(BUNDLE_EXECUTABLE_FOLDER_PATH)/C5 Maps";
			};
			name = Debug;
		};
		FDA842322FD7758500BB8D67 /* Release */ = {
			isa = XCBuildConfiguration;
			buildSettings = {
				BUNDLE_LOADER = "$(TEST_HOST)";
				CODE_SIGN_STYLE = Automatic;
				CURRENT_PROJECT_VERSION = 1;
				DEVELOPMENT_TEAM = K5HRG88242;
				GENERATE_INFOPLIST_FILE = YES;
				IPHONEOS_DEPLOYMENT_TARGET = 26.5;
				MARKETING_VERSION = 1.0;
				PRODUCT_BUNDLE_IDENTIFIER = "c5dev.C5-MapsTests";
				PRODUCT_NAME = "$(TARGET_NAME)";
				STRING_CATALOG_GENERATE_SYMBOLS = NO;
				SWIFT_APPROACHABLE_CONCURRENCY = YES;
				SWIFT_EMIT_LOC_STRINGS = NO;
				SWIFT_UPCOMING_FEATURE_MEMBER_IMPORT_VISIBILITY = YES;
				SWIFT_VERSION = 5.0;
				TARGETED_DEVICE_FAMILY = "1,2";
				TEST_HOST = "$(BUILT_PRODUCTS_DIR)/C5 Maps.app/$(BUNDLE_EXECUTABLE_FOLDER_PATH)/C5 Maps";
			};
			name = Release;
		};
		FDA842342FD7758500BB8D67 /* Debug */ = {
			isa = XCBuildConfiguration;
			buildSettings = {
				CODE_SIGN_STYLE = Automatic;
				CURRENT_PROJECT_VERSION = 1;
				DEVELOPMENT_TEAM = K5HRG88242;
				GENERATE_INFOPLIST_FILE = YES;
				MARKETING_VERSION = 1.0;
				PRODUCT_BUNDLE_IDENTIFIER = "c5dev.C5-MapsUITests";
				PRODUCT_NAME = "$(TARGET_NAME)";
				STRING_CATALOG_GENERATE_SYMBOLS = NO;
				SWIFT_APPROACHABLE_CONCURRENCY = YES;
				SWIFT_EMIT_LOC_STRINGS = NO;
				SWIFT_UPCOMING_FEATURE_MEMBER_IMPORT_VISIBILITY = YES;
				SWIFT_VERSION = 5.0;
				TARGETED_DEVICE_FAMILY = "1,2";
				TEST_TARGET_NAME = "C5 Maps";
			};
			name = Debug;
		};
		FDA842352FD7758500BB8D67 /* Release */ = {
			isa = XCBuildConfiguration;
			buildSettings = {
				CODE_SIGN_STYLE = Automatic;
				CURRENT_PROJECT_VERSION = 1;
				DEVELOPMENT_TEAM = K5HRG88242;
				GENERATE_INFOPLIST_FILE = YES;
				MARKETING_VERSION = 1.0;
				PRODUCT_BUNDLE_IDENTIFIER = "c5dev.C5-MapsUITests";
				PRODUCT_NAME = "$(TARGET_NAME)";
				STRING_CATALOG_GENERATE_SYMBOLS = NO;
				SWIFT_APPROACHABLE_CONCURRENCY = YES;
				SWIFT_EMIT_LOC_STRINGS = NO;
				SWIFT_UPCOMING_FEATURE_MEMBER_IMPORT_VISIBILITY = YES;
				SWIFT_VERSION = 5.0;
				TARGETED_DEVICE_FAMILY = "1,2";
				TEST_TARGET_NAME = "C5 Maps";
			};
			name = Release;
		};
/* End XCBuildConfiguration section */

/* Begin XCConfigurationList section */
		FDA842022FD7758400BB8D67 /* Build configuration list for PBXProject "C5 Maps" */ = {
			isa = XCConfigurationList;
			buildConfigurations = (
				FDA8422E2FD7758500BB8D67 /* Debug */,
				FDA8422F2FD7758500BB8D67 /* Release */,
			);
			defaultConfigurationIsVisible = 0;
			defaultConfigurationName = Release;
		};
		FDA8422B2FD7758500BB8D67 /* Build configuration list for PBXNativeTarget "C5 Maps" */ = {
			isa = XCConfigurationList;
			buildConfigurations = (
				FDA8422C2FD7758500BB8D67 /* Debug */,
				FDA8422D2FD7758500BB8D67 /* Release */,
			);
			defaultConfigurationIsVisible = 0;
			defaultConfigurationName = Release;
		};
		FDA842302FD7758500BB8D67 /* Build configuration list for PBXNativeTarget "C5 MapsTests" */ = {
			isa = XCConfigurationList;
			buildConfigurations = (
				FDA842312FD7758500BB8D67 /* Debug */,
				FDA842322FD7758500BB8D67 /* Release */,
			);
			defaultConfigurationIsVisible = 0;
			defaultConfigurationName = Release;
		};
		FDA842332FD7758500BB8D67 /* Build configuration list for PBXNativeTarget "C5 MapsUITests" */ = {
			isa = XCConfigurationList;
			buildConfigurations = (
				FDA842342FD7758500BB8D67 /* Debug */,
				FDA842352FD7758500BB8D67 /* Release */,
			);
			defaultConfigurationIsVisible = 0;
			defaultConfigurationName = Release;
		};
/* End XCConfigurationList section */

/* Begin XCRemoteSwiftPackageReference section */
		FD0E81473006BEDD004E8A81 /* XCRemoteSwiftPackageReference "stripe-terminal-ios" */ = {
			isa = XCRemoteSwiftPackageReference;
			repositoryURL = "https://github.com/stripe/stripe-terminal-ios";
			requirement = {
				kind = upToNextMajorVersion;
				minimumVersion = 5.7.0;
			};
		};
		FD1A148A3001A79C00F17EE9 /* XCRemoteSwiftPackageReference "supabase-swift" */ = {
			isa = XCRemoteSwiftPackageReference;
			repositoryURL = "https://github.com/supabase/supabase-swift";
			requirement = {
				kind = upToNextMajorVersion;
				minimumVersion = 2.5.1;
			};
		};
/* End XCRemoteSwiftPackageReference section */

/* Begin XCSwiftPackageProductDependency section */
		FD0E81483006BEDD004E8A81 /* StripeTerminal */ = {
			isa = XCSwiftPackageProductDependency;
			package = FD0E81473006BEDD004E8A81 /* XCRemoteSwiftPackageReference "stripe-terminal-ios" */;
			productName = StripeTerminal;
		};
		FD1A148B3001A79C00F17EE9 /* Auth */ = {
			isa = XCSwiftPackageProductDependency;
			package = FD1A148A3001A79C00F17EE9 /* XCRemoteSwiftPackageReference "supabase-swift" */;
			productName = Auth;
		};
		FD1A148D3001A79C00F17EE9 /* Functions */ = {
			isa = XCSwiftPackageProductDependency;
			package = FD1A148A3001A79C00F17EE9 /* XCRemoteSwiftPackageReference "supabase-swift" */;
			productName = Functions;
		};
		FD1A148F3001A79C00F17EE9 /* PostgREST */ = {
			isa = XCSwiftPackageProductDependency;
			package = FD1A148A3001A79C00F17EE9 /* XCRemoteSwiftPackageReference "supabase-swift" */;
			productName = PostgREST;
		};
		FD1A14913001A79C00F17EE9 /* Realtime */ = {
			isa = XCSwiftPackageProductDependency;
			package = FD1A148A3001A79C00F17EE9 /* XCRemoteSwiftPackageReference "supabase-swift" */;
			productName = Realtime;
		};
		FD1A14933001A79C00F17EE9 /* Storage */ = {
			isa = XCSwiftPackageProductDependency;
			package = FD1A148A3001A79C00F17EE9 /* XCRemoteSwiftPackageReference "supabase-swift" */;
			productName = Storage;
		};
		FD1A14953001A79C00F17EE9 /* Supabase */ = {
			isa = XCSwiftPackageProductDependency;
			package = FD1A148A3001A79C00F17EE9 /* XCRemoteSwiftPackageReference "supabase-swift" */;
			productName = Supabase;
		};
/* End XCSwiftPackageProductDependency section */
	};
	rootObject = FDA841FF2FD7758400BB8D67 /* Project object */;
}
